
Microsoft Visual Studio Solution File, Format Version 12.00
# Visual Studio Version 16
VisualStudioVersion = 16.0.32929.386
MinimumVisualStudioVersion = 10.0.40219.1
Project("{8BC9CEB8-8B4A-11D0-8D11-00A0C91BC942}") = "pqProject", "pqProject\pqProject.vcxproj", "{E071C902-7B77-4A7A-AA50-1F114E8DF6BC}"
EndProject
Project("{8BC9CEB8-8B4A-11D0-8D11-00A0C91BC942}") = "optixTutorial", "optixTutorial\optixTutorial.vcxproj", "{D26E6E01-BA6A-47BF-9606-A1DB37649CF4}"
EndProject
Global
	GlobalSection(SolutionConfigurationPlatforms) = preSolution
		Debug|x64 = Debug|x64
		Debug|x86 = Debug|x86
		Release|x64 = Release|x64
		Release|x86 = Release|x86
	EndGlobalSection
	GlobalSection(ProjectConfigurationPlatforms) = postSolution
		{E071C902-7B77-4A7A-AA50-1F114E8DF6BC}.Debug|x64.ActiveCfg = Debug|x64
		{E071C902-7B77-4A7A-AA50-1F114E8DF6BC}.Debug|x64.Build.0 = Debug|x64
		{E071C902-7B77-4A7A-AA50-1F114E8DF6BC}.Debug|x86.ActiveCfg = Debug|Win32
		{E071C902-7B77-4A7A-AA50-1F114E8DF6BC}.Debug|x86.Build.0 = Debug|Win32
		{E071C902-7B77-4A7A-AA50-1F114E8DF6BC}.Release|x64.ActiveCfg = Release|x64
		{E071C902-7B77-4A7A-AA50-1F114E8DF6BC}.Release|x64.Build.0 = Release|x64
		{E071C902-7B77-4A7A-AA50-1F114E8DF6BC}.Release|x86.ActiveCfg = Release|Win32
		{E071C902-7B77-4A7A-AA50-1F114E8DF6BC}.Release|x86.Build.0 = Release|Win32
		{D26E6E01-BA6A-47BF-9606-A1DB37649CF4}.Debug|x64.ActiveCfg = Debug|x64
		{D26E6E01-BA6A-47BF-9606-A1DB37649CF4}.Debug|x64.Build.0 = Debug|x64
		{D26E6E01-BA6A-47BF-9606-A1DB37649CF4}.Debug|x86.ActiveCfg = Debug|Win32
		{D26E6E01-BA6A-47BF-9606-A1DB37649CF4}.Debug|x86.Build.0 = Debug|Win32
		{D26E6E01-BA6A-47BF-9606-A1DB37649CF4}.Release|x64.ActiveCfg = Release|x64
		{D26E6E01-BA6A-47BF-9606-A1DB37649CF4}.Release|x64.Build.0 = Release|x64
		{D26E6E01-BA6A-47BF-9606-A1DB37649CF4}.Release|x86.ActiveCfg = Release|Win32
		{D26E6E01-BA6A-47BF-9606-A1DB37649CF4}.Release|x86.Build.0 = Release|Win32
	EndGlobalSection
	GlobalSection(SolutionProperties) = preSolution
		HideSolutionNode = FALSE
	EndGlobalSection
	GlobalSection(ExtensibilityGlobals) = postSolution
		SolutionGuid = {D9D40555-E043-4983-AB6D-5107345FEF3F}
	EndGlobalSection
EndGlobal
